// !$*UTF8*$!
{
	archiveVersion = 1;
	classes = {
	};
	objectVersion = 56;
	objects = {

/* Begin PBXBuildFile section */
		5B14AA94296993CF0027E7E1 /* ListNoteViewController.swift in Sources */ = {isa = PBXBuildFile; fileRef = 5B14AA93296993CF0027E7E1 /* ListNoteViewController.swift */; };
		5B14AA96296993E80027E7E1 /* TreeNoteViewController.swift in Sources */ = {isa = PBXBuildFile; fileRef = 5B14AA95296993E80027E7E1 /* TreeNoteViewController.swift */; };
		5B14AA982969951A0027E7E1 /* BaseTableViewController.swift in Sources */ = {isa = PBXBuildFile; fileRef = 5B14AA972969951A0027E7E1 /* BaseTableViewController.swift */; };
		5B14AA9B296A4C580027E7E1 /* HashViewController.swift in Sources */ = {isa = PBXBuildFile; fileRef = 5B14AA9A296A4C580027E7E1 /* HashViewController.swift */; };
		5B14AA9D296A6EAE0027E7E1 /* DoublePointViewController.swift in Sources */ = {isa = PBXBuildFile; fileRef = 5B14AA9C296A6EAE0027E7E1 /* DoublePointViewController.swift */; };
		5B14AA9F296A6ECB0027E7E1 /* DynamicPlanningViewController.swift in Sources */ = {isa = PBXBuildFile; fileRef = 5B14AA9E296A6ECB0027E7E1 /* DynamicPlanningViewController.swift */; };
		5B14AAA1296A6F210027E7E1 /* RetracingAlgorithmViewController.swift in Sources */ = {isa = PBXBuildFile; fileRef = 5B14AAA0296A6F210027E7E1 /* RetracingAlgorithmViewController.swift */; };
		5B14AAA3296A6F430027E7E1 /* KnapsackViewController.swift in Sources */ = {isa = PBXBuildFile; fileRef = 5B14AAA2296A6F430027E7E1 /* KnapsackViewController.swift */; };
		5B14AAA5296A722D0027E7E1 /* StringViewController.swift in Sources */ = {isa = PBXBuildFile; fileRef = 5B14AAA4296A722D0027E7E1 /* StringViewController.swift */; };
		5B14AAA7296A72BB0027E7E1 /* StackViewController.swift in Sources */ = {isa = PBXBuildFile; fileRef = 5B14AAA6296A72BB0027E7E1 /* StackViewController.swift */; };
		5B14AAA9296A72E50027E7E1 /* GreedViewController.swift in Sources */ = {isa = PBXBuildFile; fileRef = 5B14AAA8296A72E50027E7E1 /* GreedViewController.swift */; };
		5B14AAAB296A74730027E7E1 /* DictViewController.swift in Sources */ = {isa = PBXBuildFile; fileRef = 5B14AAAA296A74730027E7E1 /* DictViewController.swift */; };
		5B14AAAD296AC81C0027E7E1 /* InputView.swift in Sources */ = {isa = PBXBuildFile; fileRef = 5B14AAAC296AC81C0027E7E1 /* InputView.swift */; };
		5BA8053328F5423A0083CEB9 /* AppDelegate.swift in Sources */ = {isa = PBXBuildFile; fileRef = 5BA8053228F5423A0083CEB9 /* AppDelegate.swift */; };
		5BA8053528F5423A0083CEB9 /* SceneDelegate.swift in Sources */ = {isa = PBXBuildFile; fileRef = 5BA8053428F5423A0083CEB9 /* SceneDelegate.swift */; };
		5BA8053728F5423A0083CEB9 /* ViewController.swift in Sources */ = {isa = PBXBuildFile; fileRef = 5BA8053628F5423A0083CEB9 /* ViewController.swift */; };
		5BA8053A28F5423A0083CEB9 /* Main.storyboard in Resources */ = {isa = PBXBuildFile; fileRef = 5BA8053828F5423A0083CEB9 /* Main.storyboard */; };
		5BA8053C28F5423C0083CEB9 /* Assets.xcassets in Resources */ = {isa = PBXBuildFile; fileRef = 5BA8053B28F5423C0083CEB9 /* Assets.xcassets */; };
		5BA8053F28F5423C0083CEB9 /* LaunchScreen.storyboard in Resources */ = {isa = PBXBuildFile; fileRef = 5BA8053D28F5423C0083CEB9 /* LaunchScreen.storyboard */; };
		5BE5485E2926132400EC0C62 /* Person.swift in Sources */ = {isa = PBXBuildFile; fileRef = 5BE5485D2926132400EC0C62 /* Person.swift */; };
		5BE548602926133700EC0C62 /* Student.swift in Sources */ = {isa = PBXBuildFile; fileRef = 5BE5485F2926133700EC0C62 /* Student.swift */; };
/* End PBXBuildFile section */

/* Begin PBXFileReference section */
		5B14AA93296993CF0027E7E1 /* ListNoteViewController.swift */ = {isa = PBXFileReference; lastKnownFileType = sourcecode.swift; path = ListNoteViewController.swift; sourceTree = "<group>"; };
		5B14AA95296993E80027E7E1 /* TreeNoteViewController.swift */ = {isa = PBXFileReference; lastKnownFileType = sourcecode.swift; path = TreeNoteViewController.swift; sourceTree = "<group>"; };
		5B14AA972969951A0027E7E1 /* BaseTableViewController.swift */ = {isa = PBXFileReference; lastKnownFileType = sourcecode.swift; path = BaseTableViewController.swift; sourceTree = "<group>"; };
		5B14AA9A296A4C580027E7E1 /* HashViewController.swift */ = {isa = PBXFileReference; lastKnownFileType = sourcecode.swift; path = HashViewController.swift; sourceTree = "<group>"; };
		5B14AA9C296A6EAE0027E7E1 /* DoublePointViewController.swift */ = {isa = PBXFileReference; lastKnownFileType = sourcecode.swift; path = DoublePointViewController.swift; sourceTree = "<group>"; };
		5B14AA9E296A6ECB0027E7E1 /* DynamicPlanningViewController.swift */ = {isa = PBXFileReference; lastKnownFileType = sourcecode.swift; path = DynamicPlanningViewController.swift; sourceTree = "<group>"; };
		5B14AAA0296A6F210027E7E1 /* RetracingAlgorithmViewController.swift */ = {isa = PBXFileReference; lastKnownFileType = sourcecode.swift; path = RetracingAlgorithmViewController.swift; sourceTree = "<group>"; };
		5B14AAA2296A6F430027E7E1 /* KnapsackViewController.swift */ = {isa = PBXFileReference; lastKnownFileType = sourcecode.swift; path = KnapsackViewController.swift; sourceTree = "<group>"; };
		5B14AAA4296A722D0027E7E1 /* StringViewController.swift */ = {isa = PBXFileReference; lastKnownFileType = sourcecode.swift; path = StringViewController.swift; sourceTree = "<group>"; };
		5B14AAA6296A72BB0027E7E1 /* StackViewController.swift */ = {isa = PBXFileReference; lastKnownFileType = sourcecode.swift; path = StackViewController.swift; sourceTree = "<group>"; };
		5B14AAA8296A72E50027E7E1 /* GreedViewController.swift */ = {isa = PBXFileReference; lastKnownFileType = sourcecode.swift; path = GreedViewController.swift; sourceTree = "<group>"; };
		5B14AAAA296A74730027E7E1 /* DictViewController.swift */ = {isa = PBXFileReference; lastKnownFileType = sourcecode.swift; path = DictViewController.swift; sourceTree = "<group>"; };
		5B14AAAC296AC81C0027E7E1 /* InputView.swift */ = {isa = PBXFileReference; lastKnownFileType = sourcecode.swift; path = InputView.swift; sourceTree = "<group>"; };
		5BA8052F28F5423A0083CEB9 /* 算法 swift.app */ = {isa = PBXFileReference; explicitFileType = wrapper.application; includeInIndex = 0; path = "算法 swift.app"; sourceTree = BUILT_PRODUCTS_DIR; };
		5BA8053228F5423A0083CEB9 /* AppDelegate.swift */ = {isa = PBXFileReference; lastKnownFileType = sourcecode.swift; path = AppDelegate.swift; sourceTree = "<group>"; };
		5BA8053428F5423A0083CEB9 /* SceneDelegate.swift */ = {isa = PBXFileReference; lastKnownFileType = sourcecode.swift; path = SceneDelegate.swift; sourceTree = "<group>"; };
		5BA8053628F5423A0083CEB9 /* ViewController.swift */ = {isa = PBXFileReference; lastKnownFileType = sourcecode.swift; path = ViewController.swift; sourceTree = "<group>"; wrapsLines = 0; };
		5BA8053928F5423A0083CEB9 /* Base */ = {isa = PBXFileReference; lastKnownFileType = file.storyboard; name = Base; path = Base.lproj/Main.storyboard; sourceTree = "<group>"; };
		5BA8053B28F5423C0083CEB9 /* Assets.xcassets */ = {isa = PBXFileReference; lastKnownFileType = folder.assetcatalog; path = Assets.xcassets; sourceTree = "<group>"; };
		5BA8053E28F5423C0083CEB9 /* Base */ = {isa = PBXFileReference; lastKnownFileType = file.storyboard; name = Base; path = Base.lproj/LaunchScreen.storyboard; sourceTree = "<group>"; };
		5BA8054028F5423C0083CEB9 /* Info.plist */ = {isa = PBXFileReference; lastKnownFileType = text.plist.xml; path = Info.plist; sourceTree = "<group>"; };
		5BE5485D2926132400EC0C62 /* Person.swift */ = {isa = PBXFileReference; lastKnownFileType = sourcecode.swift; path = Person.swift; sourceTree = "<group>"; };
		5BE5485F2926133700EC0C62 /* Student.swift */ = {isa = PBXFileReference; lastKnownFileType = sourcecode.swift; path = Student.swift; sourceTree = "<group>"; };
/* End PBXFileReference section */

/* Begin PBXFrameworksBuildPhase section */
		5BA8052C28F5423A0083CEB9 /* Frameworks */ = {
			isa = PBXFrameworksBuildPhase;
			buildActionMask = 2147483647;
			files = (
			);
			runOnlyForDeploymentPostprocessing = 0;
		};
/* End PBXFrameworksBuildPhase section */

/* Begin PBXGroup section */
		5BA8052628F5423A0083CEB9 = {
			isa = PBXGroup;
			children = (
				5BA8053128F5423A0083CEB9 /* 算法 swift */,
				5BA8053028F5423A0083CEB9 /* Products */,
			);
			sourceTree = "<group>";
		};
		5BA8053028F5423A0083CEB9 /* Products */ = {
			isa = PBXGroup;
			children = (
				5BA8052F28F5423A0083CEB9 /* 算法 swift.app */,
			);
			name = Products;
			sourceTree = "<group>";
		};
		5BA8053128F5423A0083CEB9 /* 算法 swift */ = {
			isa = PBXGroup;
			children = (
				5BA8053228F5423A0083CEB9 /* AppDelegate.swift */,
				5BA8053428F5423A0083CEB9 /* SceneDelegate.swift */,
				5BA8053628F5423A0083CEB9 /* ViewController.swift */,
				5B14AAAC296AC81C0027E7E1 /* InputView.swift */,
				5B14AA93296993CF0027E7E1 /* ListNoteViewController.swift */,
				5B14AA9A296A4C580027E7E1 /* HashViewController.swift */,
				5B14AA972969951A0027E7E1 /* BaseTableViewController.swift */,
				5B14AA95296993E80027E7E1 /* TreeNoteViewController.swift */,
				5B14AA9C296A6EAE0027E7E1 /* DoublePointViewController.swift */,
				5B14AA9E296A6ECB0027E7E1 /* DynamicPlanningViewController.swift */,
				5B14AAA0296A6F210027E7E1 /* RetracingAlgorithmViewController.swift */,
				5B14AAA2296A6F430027E7E1 /* KnapsackViewController.swift */,
				5B14AAA6296A72BB0027E7E1 /* StackViewController.swift */,
				5B14AAA8296A72E50027E7E1 /* GreedViewController.swift */,
				5B14AAAA296A74730027E7E1 /* DictViewController.swift */,
				5B14AAA4296A722D0027E7E1 /* StringViewController.swift */,
				5BE5485D2926132400EC0C62 /* Person.swift */,
				5BE5485F2926133700EC0C62 /* Student.swift */,
				5BA8053828F5423A0083CEB9 /* Main.storyboard */,
				5BA8053B28F5423C0083CEB9 /* Assets.xcassets */,
				5BA8053D28F5423C0083CEB9 /* LaunchScreen.storyboard */,
				5BA8054028F5423C0083CEB9 /* Info.plist */,
			);
			path = "算法 swift";
			sourceTree = "<group>";
		};
/* End PBXGroup section */

/* Begin PBXNativeTarget section */
		5BA8052E28F5423A0083CEB9 /* 算法 swift */ = {
			isa = PBXNativeTarget;
			buildConfigurationList = 5BA8054328F5423C0083CEB9 /* Build configuration list for PBXNativeTarget "算法 swift" */;
			buildPhases = (
				5BA8052B28F5423A0083CEB9 /* Sources */,
				5BA8052C28F5423A0083CEB9 /* Frameworks */,
				5BA8052D28F5423A0083CEB9 /* Resources */,
			);
			buildRules = (
			);
			dependencies = (
			);
			name = "算法 swift";
			productName = "算法 swift";
			productReference = 5BA8052F28F5423A0083CEB9 /* 算法 swift.app */;
			productType = "com.apple.product-type.application";
		};
/* End PBXNativeTarget section */

/* Begin PBXProject section */
		5BA8052728F5423A0083CEB9 /* Project object */ = {
			isa = PBXProject;
			attributes = {
				BuildIndependentTargetsInParallel = 1;
				LastSwiftUpdateCheck = 1400;
				LastUpgradeCheck = 1400;
				TargetAttributes = {
					5BA8052E28F5423A0083CEB9 = {
						CreatedOnToolsVersion = 14.0.1;
					};
				};
			};
			buildConfigurationList = 5BA8052A28F5423A0083CEB9 /* Build configuration list for PBXProject "算法 swift" */;
			compatibilityVersion = "Xcode 14.0";
			developmentRegion = en;
			hasScannedForEncodings = 0;
			knownRegions = (
				en,
				Base,
			);
			mainGroup = 5BA8052628F5423A0083CEB9;
			productRefGroup = 5BA8053028F5423A0083CEB9 /* Products */;
			projectDirPath = "";
			projectRoot = "";
			targets = (
				5BA8052E28F5423A0083CEB9 /* 算法 swift */,
			);
		};
/* End PBXProject section */

/* Begin PBXResourcesBuildPhase section */
		5BA8052D28F5423A0083CEB9 /* Resources */ = {
			isa = PBXResourcesBuildPhase;
			buildActionMask = 2147483647;
			files = (
				5BA8053F28F5423C0083CEB9 /* LaunchScreen.storyboard in Resources */,
				5BA8053C28F5423C0083CEB9 /* Assets.xcassets in Resources */,
				5BA8053A28F5423A0083CEB9 /* Main.storyboard in Resources */,
			);
			runOnlyForDeploymentPostprocessing = 0;
		};
/* End PBXResourcesBuildPhase section */

/* Begin PBXSourcesBuildPhase section */
		5BA8052B28F5423A0083CEB9 /* Sources */ = {
			isa = PBXSourcesBuildPhase;
			buildActionMask = 2147483647;
			files = (
				5BA8053728F5423A0083CEB9 /* ViewController.swift in Sources */,
				5BA8053328F5423A0083CEB9 /* AppDelegate.swift in Sources */,
				5B14AA9B296A4C580027E7E1 /* HashViewController.swift in Sources */,
				5B14AAA5296A722D0027E7E1 /* StringViewController.swift in Sources */,
				5B14AA982969951A0027E7E1 /* BaseTableViewController.swift in Sources */,
				5B14AAA3296A6F430027E7E1 /* KnapsackViewController.swift in Sources */,
				5B14AA9D296A6EAE0027E7E1 /* DoublePointViewController.swift in Sources */,
				5BE5485E2926132400EC0C62 /* Person.swift in Sources */,
				5BE548602926133700EC0C62 /* Student.swift in Sources */,
				5B14AA96296993E80027E7E1 /* TreeNoteViewController.swift in Sources */,
				5B14AAA9296A72E50027E7E1 /* GreedViewController.swift in Sources */,
				5B14AAAB296A74730027E7E1 /* DictViewController.swift in Sources */,
				5B14AA94296993CF0027E7E1 /* ListNoteViewController.swift in Sources */,
				5BA8053528F5423A0083CEB9 /* SceneDelegate.swift in Sources */,
				5B14AAA7296A72BB0027E7E1 /* StackViewController.swift in Sources */,
				5B14AAAD296AC81C0027E7E1 /* InputView.swift in Sources */,
				5B14AAA1296A6F210027E7E1 /* RetracingAlgorithmViewController.swift in Sources */,
				5B14AA9F296A6ECB0027E7E1 /* DynamicPlanningViewController.swift in Sources */,
			);
			runOnlyForDeploymentPostprocessing = 0;
		};
/* End PBXSourcesBuildPhase section */

/* Begin PBXVariantGroup section */
		5BA8053828F5423A0083CEB9 /* Main.storyboard */ = {
			isa = PBXVariantGroup;
			children = (
				5BA8053928F5423A0083CEB9 /* Base */,
			);
			name = Main.storyboard;
			sourceTree = "<group>";
		};
		5BA8053D28F5423C0083CEB9 /* LaunchScreen.storyboard */ = {
			isa = PBXVariantGroup;
			children = (
				5BA8053E28F5423C0083CEB9 /* Base */,
			);
			name = LaunchScreen.storyboard;
			sourceTree = "<group>";
		};
/* End PBXVariantGroup section */

/* Begin XCBuildConfiguration section */
		5BA8054128F5423C0083CEB9 /* Debug */ = {
			isa = XCBuildConfiguration;
			buildSettings = {
				ALWAYS_SEARCH_USER_PATHS = NO;
				CLANG_ANALYZER_NONNULL = YES;
				CLANG_ANALYZER_NUMBER_OBJECT_CONVERSION = YES_AGGRESSIVE;
				CLANG_CXX_LANGUAGE_STANDARD = "gnu++20";
				CLANG_ENABLE_MODULES = YES;
				CLANG_ENABLE_OBJC_ARC = YES;
				CLANG_ENABLE_OBJC_WEAK = YES;
				CLANG_WARN_BLOCK_CAPTURE_AUTORELEASING = YES;
				CLANG_WARN_BOOL_CONVERSION = YES;
				CLANG_WARN_COMMA = YES;
				CLANG_WARN_CONSTANT_CONVERSION = YES;
				CLANG_WARN_DEPRECATED_OBJC_IMPLEMENTATIONS = YES;
				CLANG_WARN_DIRECT_OBJC_ISA_USAGE = YES_ERROR;
				CLANG_WARN_DOCUMENTATION_COMMENTS = YES;
				CLANG_WARN_EMPTY_BODY = YES;
				CLANG_WARN_ENUM_CONVERSION = YES;
				CLANG_WARN_INFINITE_RECURSION = YES;
				CLANG_WARN_INT_CONVERSION = YES;
				CLANG_WARN_NON_LITERAL_NULL_CONVERSION = YES;
				CLANG_WARN_OBJC_IMPLICIT_RETAIN_SELF = YES;
				CLANG_WARN_OBJC_LITERAL_CONVERSION = YES;
				CLANG_WARN_OBJC_ROOT_CLASS = YES_ERROR;
				CLANG_WARN_QUOTED_INCLUDE_IN_FRAMEWORK_HEADER = YES;
				CLANG_WARN_RANGE_LOOP_ANALYSIS = YES;
				CLANG_WARN_STRICT_PROTOTYPES = YES;
				CLANG_WARN_SUSPICIOUS_MOVE = YES;
				CLANG_WARN_UNGUARDED_AVAILABILITY = YES_AGGRESSIVE;
				CLANG_WARN_UNREACHABLE_CODE = YES;
				CLANG_WARN__DUPLICATE_METHOD_MATCH = YES;
				COPY_PHASE_STRIP = NO;
				DEBUG_INFORMATION_FORMAT = dwarf;
				ENABLE_STRICT_OBJC_MSGSEND = YES;
				ENABLE_TESTABILITY = YES;
				GCC_C_LANGUAGE_STANDARD = gnu11;
				GCC_DYNAMIC_NO_PIC = NO;
				GCC_NO_COMMON_BLOCKS = YES;
				GCC_OPTIMIZATION_LEVEL = 0;
				GCC_PREPROCESSOR_DEFINITIONS = (
					"DEBUG=1",
					"$(inherited)",
				);
				GCC_WARN_64_TO_32_BIT_CONVERSION = YES;
				GCC_WARN_ABOUT_RETURN_TYPE = YES_ERROR;
				GCC_WARN_UNDECLARED_SELECTOR = YES;
				GCC_WARN_UNINITIALIZED_AUTOS = YES_AGGRESSIVE;
				GCC_WARN_UNUSED_FUNCTION = YES;
				GCC_WARN_UNUSED_VARIABLE = YES;
				IPHONEOS_DEPLOYMENT_TARGET = 16.0;
				MTL_ENABLE_DEBUG_INFO = INCLUDE_SOURCE;
				MTL_FAST_MATH = YES;
				ONLY_ACTIVE_ARCH = YES;
				SDKROOT = iphoneos;
				SWIFT_ACTIVE_COMPILATION_CONDITIONS = DEBUG;
				SWIFT_OPTIMIZATION_LEVEL = "-Onone";
			};
			name = Debug;
		};
		5BA8054228F5423C0083CEB9 /* Release */ = {
			isa = XCBuildConfiguration;
			buildSettings = {
				ALWAYS_SEARCH_USER_PATHS = NO;
				CLANG_ANALYZER_NONNULL = YES;
				CLANG_ANALYZER_NUMBER_OBJECT_CONVERSION = YES_AGGRESSIVE;
				CLANG_CXX_LANGUAGE_STANDARD = "gnu++20";
				CLANG_ENABLE_MODULES = YES;
				CLANG_ENABLE_OBJC_ARC = YES;
				CLANG_ENABLE_OBJC_WEAK = YES;
				CLANG_WARN_BLOCK_CAPTURE_AUTORELEASING = YES;
				CLANG_WARN_BOOL_CONVERSION = YES;
				CLANG_WARN_COMMA = YES;
				CLANG_WARN_CONSTANT_CONVERSION = YES;
				CLANG_WARN_DEPRECATED_OBJC_IMPLEMENTATIONS = YES;
				CLANG_WARN_DIRECT_OBJC_ISA_USAGE = YES_ERROR;
				CLANG_WARN_DOCUMENTATION_COMMENTS = YES;
				CLANG_WARN_EMPTY_BODY = YES;
				CLANG_WARN_ENUM_CONVERSION = YES;
				CLANG_WARN_INFINITE_RECURSION = YES;
				CLANG_WARN_INT_CONVERSION = YES;
				CLANG_WARN_NON_LITERAL_NULL_CONVERSION = YES;
				CLANG_WARN_OBJC_IMPLICIT_RETAIN_SELF = YES;
				CLANG_WARN_OBJC_LITERAL_CONVERSION = YES;
				CLANG_WARN_OBJC_ROOT_CLASS = YES_ERROR;
				CLANG_WARN_QUOTED_INCLUDE_IN_FRAMEWORK_HEADER = YES;
				CLANG_WARN_RANGE_LOOP_ANALYSIS = YES;
				CLANG_WARN_STRICT_PROTOTYPES = YES;
				CLANG_WARN_SUSPICIOUS_MOVE = YES;
				CLANG_WARN_UNGUARDED_AVAILABILITY = YES_AGGRESSIVE;
				CLANG_WARN_UNREACHABLE_CODE = YES;
				CLANG_WARN__DUPLICATE_METHOD_MATCH = YES;
				COPY_PHASE_STRIP = NO;
				DEBUG_INFORMATION_FORMAT = "dwarf-with-dsym";
				ENABLE_NS_ASSERTIONS = NO;
				ENABLE_STRICT_OBJC_MSGSEND = YES;
				GCC_C_LANGUAGE_STANDARD = gnu11;
				GCC_NO_COMMON_BLOCKS = YES;
				GCC_WARN_64_TO_32_BIT_CONVERSION = YES;
				GCC_WARN_ABOUT_RETURN_TYPE = YES_ERROR;
				GCC_WARN_UNDECLARED_SELECTOR = YES;
				GCC_WARN_UNINITIALIZED_AUTOS = YES_AGGRESSIVE;
				GCC_WARN_UNUSED_FUNCTION = YES;
				GCC_WARN_UNUSED_VARIABLE = YES;
				IPHONEOS_DEPLOYMENT_TARGET = 16.0;
				MTL_ENABLE_DEBUG_INFO = NO;
				MTL_FAST_MATH = YES;
				SDKROOT = iphoneos;
				SWIFT_COMPILATION_MODE = wholemodule;
				SWIFT_OPTIMIZATION_LEVEL = "-O";
				VALIDATE_PRODUCT = YES;
			};
			name = Release;
		};
		5BA8054428F5423C0083CEB9 /* Debug */ = {
			isa = XCBuildConfiguration;
			buildSettings = {
				ASSETCATALOG_COMPILER_APPICON_NAME = AppIcon;
				ASSETCATALOG_COMPILER_GLOBAL_ACCENT_COLOR_NAME = AccentColor;
				CODE_SIGN_STYLE = Automatic;
				CURRENT_PROJECT_VERSION = 1;
				DEVELOPMENT_TEAM = "";
				GENERATE_INFOPLIST_FILE = YES;
				INFOPLIST_FILE = "算法 swift/Info.plist";
				INFOPLIST_KEY_UIApplicationSupportsIndirectInputEvents = YES;
				INFOPLIST_KEY_UILaunchStoryboardName = LaunchScreen;
				INFOPLIST_KEY_UIMainStoryboardFile = Main;
				INFOPLIST_KEY_UISupportedInterfaceOrientations_iPad = "UIInterfaceOrientationPortrait UIInterfaceOrientationPortraitUpsideDown UIInterfaceOrientationLandscapeLeft UIInterfaceOrientationLandscapeRight";
				INFOPLIST_KEY_UISupportedInterfaceOrientations_iPhone = "UIInterfaceOrientationPortrait UIInterfaceOrientationLandscapeLeft UIInterfaceOrientationLandscapeRight";
				LD_RUNPATH_SEARCH_PATHS = (
					"$(inherited)",
					"@executable_path/Frameworks",
				);
				MARKETING_VERSION = 1.0;
				PRODUCT_BUNDLE_IDENTIFIER = "com.qiye.wnagyi.---swift";
				PRODUCT_NAME = "$(TARGET_NAME)";
				SWIFT_EMIT_LOC_STRINGS = YES;
				SWIFT_VERSION = 5.0;
				TARGETED_DEVICE_FAMILY = "1,2";
			};
			name = Debug;
		};
		5BA8054528F5423C0083CEB9 /* Release */ = {
			isa = XCBuildConfiguration;
			buildSettings = {
				ASSETCATALOG_COMPILER_APPICON_NAME = AppIcon;
				ASSETCATALOG_COMPILER_GLOBAL_ACCENT_COLOR_NAME = AccentColor;
				CODE_SIGN_STYLE = Automatic;
				CURRENT_PROJECT_VERSION = 1;
				DEVELOPMENT_TEAM = "";
				GENERATE_INFOPLIST_FILE = YES;
				INFOPLIST_FILE = "算法 swift/Info.plist";
				INFOPLIST_KEY_UIApplicationSupportsIndirectInputEvents = YES;
				INFOPLIST_KEY_UILaunchStoryboardName = LaunchScreen;
				INFOPLIST_KEY_UIMainStoryboardFile = Main;
				INFOPLIST_KEY_UISupportedInterfaceOrientations_iPad = "UIInterfaceOrientationPortrait UIInterfaceOrientationPortraitUpsideDown UIInterfaceOrientationLandscapeLeft UIInterfaceOrientationLandscapeRight";
				INFOPLIST_KEY_UISupportedInterfaceOrientations_iPhone = "UIInterfaceOrientationPortrait UIInterfaceOrientationLandscapeLeft UIInterfaceOrientationLandscapeRight";
				LD_RUNPATH_SEARCH_PATHS = (
					"$(inherited)",
					"@executable_path/Frameworks",
				);
				MARKETING_VERSION = 1.0;
				PRODUCT_BUNDLE_IDENTIFIER = "com.qiye.wnagyi.---swift";
				PRODUCT_NAME = "$(TARGET_NAME)";
				SWIFT_EMIT_LOC_STRINGS = YES;
				SWIFT_VERSION = 5.0;
				TARGETED_DEVICE_FAMILY = "1,2";
			};
			name = Release;
		};
/* End XCBuildConfiguration section */

/* Begin XCConfigurationList section */
		5BA8052A28F5423A0083CEB9 /* Build configuration list for PBXProject "算法 swift" */ = {
			isa = XCConfigurationList;
			buildConfigurations = (
				5BA8054128F5423C0083CEB9 /* Debug */,
				5BA8054228F5423C0083CEB9 /* Release */,
			);
			defaultConfigurationIsVisible = 0;
			defaultConfigurationName = Release;
		};
		5BA8054328F5423C0083CEB9 /* Build configuration list for PBXNativeTarget "算法 swift" */ = {
			isa = XCConfigurationList;
			buildConfigurations = (
				5BA8054428F5423C0083CEB9 /* Debug */,
				5BA8054528F5423C0083CEB9 /* Release */,
			);
			defaultConfigurationIsVisible = 0;
			defaultConfigurationName = Release;
		};
/* End XCConfigurationList section */
	};
	rootObject = 5BA8052728F5423A0083CEB9 /* Project object */;
}
