// !$*UTF8*$!
{
	archiveVersion = 1;
	classes = {
	};
	objectVersion = 56;
	objects = {

/* Begin PBXBuildFile section */
		5B1E2C022A2F864000096D0D /* BackTrack.cpp in Sources */ = {isa = PBXBuildFile; fileRef = 5B1E2C002A2F864000096D0D /* BackTrack.cpp */; };
		5B1E2C052A3764DC00096D0D /* Greedy.cpp in Sources */ = {isa = PBXBuildFile; fileRef = 5B1E2C032A3764DC00096D0D /* Greedy.cpp */; };
		5B26D4B52A1A6C8D00EDCA2F /* swiftArithmeticApp.swift in Sources */ = {isa = PBXBuildFile; fileRef = 5B26D4B42A1A6C8D00EDCA2F /* swiftArithmeticApp.swift */; };
		5B26D4B72A1A6C8D00EDCA2F /* LeetCodeListView.swift in Sources */ = {isa = PBXBuildFile; fileRef = 5B26D4B62A1A6C8D00EDCA2F /* LeetCodeListView.swift */; };
		5B26D4B92A1A6C8E00EDCA2F /* Assets.xcassets in Resources */ = {isa = PBXBuildFile; fileRef = 5B26D4B82A1A6C8E00EDCA2F /* Assets.xcassets */; };
		5B26D4BC2A1A6C8E00EDCA2F /* Preview Assets.xcassets in Resources */ = {isa = PBXBuildFile; fileRef = 5B26D4BB2A1A6C8E00EDCA2F /* Preview Assets.xcassets */; };
		5B26D4C52A1A6CAA00EDCA2F /* ListNode.cpp in Sources */ = {isa = PBXBuildFile; fileRef = 5B26D4C32A1A6CAA00EDCA2F /* ListNode.cpp */; };
		5B26D4D72A1A6CC600EDCA2F /* DoublePointViewController.swift in Sources */ = {isa = PBXBuildFile; fileRef = 5B26D4C62A1A6CC600EDCA2F /* DoublePointViewController.swift */; };
		5B26D4D82A1A6CC600EDCA2F /* Student.swift in Sources */ = {isa = PBXBuildFile; fileRef = 5B26D4C72A1A6CC600EDCA2F /* Student.swift */; };
		5B26D4D92A1A6CC600EDCA2F /* DynamicPlanningViewController.swift in Sources */ = {isa = PBXBuildFile; fileRef = 5B26D4C82A1A6CC600EDCA2F /* DynamicPlanningViewController.swift */; };
		5B26D4DA2A1A6CC600EDCA2F /* StringViewController.swift in Sources */ = {isa = PBXBuildFile; fileRef = 5B26D4C92A1A6CC600EDCA2F /* StringViewController.swift */; };
		5B26D4DB2A1A6CC600EDCA2F /* KnapsackViewController.swift in Sources */ = {isa = PBXBuildFile; fileRef = 5B26D4CA2A1A6CC600EDCA2F /* KnapsackViewController.swift */; };
		5B26D4DC2A1A6CC600EDCA2F /* ArrayViewController.swift in Sources */ = {isa = PBXBuildFile; fileRef = 5B26D4CB2A1A6CC600EDCA2F /* ArrayViewController.swift */; };
		5B26D4DD2A1A6CC600EDCA2F /* GreedViewController.swift in Sources */ = {isa = PBXBuildFile; fileRef = 5B26D4CC2A1A6CC600EDCA2F /* GreedViewController.swift */; };
		5B26D4DE2A1A6CC600EDCA2F /* ListNoteViewController.swift in Sources */ = {isa = PBXBuildFile; fileRef = 5B26D4CD2A1A6CC600EDCA2F /* ListNoteViewController.swift */; };
		5B26D4DF2A1A6CC600EDCA2F /* HashViewController.swift in Sources */ = {isa = PBXBuildFile; fileRef = 5B26D4CE2A1A6CC600EDCA2F /* HashViewController.swift */; };
		5B26D4E02A1A6CC600EDCA2F /* RetracingAlgorithmViewController.swift in Sources */ = {isa = PBXBuildFile; fileRef = 5B26D4CF2A1A6CC600EDCA2F /* RetracingAlgorithmViewController.swift */; };
		5B26D4E12A1A6CC600EDCA2F /* InputView.swift in Sources */ = {isa = PBXBuildFile; fileRef = 5B26D4D02A1A6CC600EDCA2F /* InputView.swift */; };
		5B26D4E22A1A6CC600EDCA2F /* Person.swift in Sources */ = {isa = PBXBuildFile; fileRef = 5B26D4D12A1A6CC600EDCA2F /* Person.swift */; };
		5B26D4E32A1A6CC600EDCA2F /* longViewController.swift in Sources */ = {isa = PBXBuildFile; fileRef = 5B26D4D22A1A6CC600EDCA2F /* longViewController.swift */; };
		5B26D4E42A1A6CC600EDCA2F /* StackViewController.swift in Sources */ = {isa = PBXBuildFile; fileRef = 5B26D4D32A1A6CC600EDCA2F /* StackViewController.swift */; };
		5B26D4E52A1A6CC600EDCA2F /* DictViewController.swift in Sources */ = {isa = PBXBuildFile; fileRef = 5B26D4D42A1A6CC600EDCA2F /* DictViewController.swift */; };
		5B26D4E62A1A6CC600EDCA2F /* TreeNoteViewController.swift in Sources */ = {isa = PBXBuildFile; fileRef = 5B26D4D52A1A6CC600EDCA2F /* TreeNoteViewController.swift */; };
		5B26D4E72A1A6CC600EDCA2F /* BaseTableViewController.swift in Sources */ = {isa = PBXBuildFile; fileRef = 5B26D4D62A1A6CC600EDCA2F /* BaseTableViewController.swift */; };
		5B26D4E92A1A6D0200EDCA2F /* ViewController.swift in Sources */ = {isa = PBXBuildFile; fileRef = 5B26D4E82A1A6D0200EDCA2F /* ViewController.swift */; };
		5B26D4EC2A1A6D2600EDCA2F /* TreeNode.cpp in Sources */ = {isa = PBXBuildFile; fileRef = 5B26D4EB2A1A6D2600EDCA2F /* TreeNode.cpp */; };
		5B26D4EF2A1A6D2F00EDCA2F /* MyQueue.cpp in Sources */ = {isa = PBXBuildFile; fileRef = 5B26D4EE2A1A6D2F00EDCA2F /* MyQueue.cpp */; };
		5B76E3472A4FB67700141D86 /* BrideCPlusManger.mm in Sources */ = {isa = PBXBuildFile; fileRef = 5B76E3462A4FB67700141D86 /* BrideCPlusManger.mm */; };
		5BBCFFC12A8719DC00763DF5 /* MyArray.cpp in Sources */ = {isa = PBXBuildFile; fileRef = 5BBCFFBF2A8719DC00763DF5 /* MyArray.cpp */; };
		5BC22D7F2ABEAFE900E42098 /* PriorityQueue.cpp in Sources */ = {isa = PBXBuildFile; fileRef = 5BC22D7D2ABEAFE900E42098 /* PriorityQueue.cpp */; };
		5BC238372A5AA20B00D083AB /* CourseDetail.swift in Sources */ = {isa = PBXBuildFile; fileRef = 5BC238362A5AA20B00D083AB /* CourseDetail.swift */; };
		5BC238392A5B05DC00D083AB /* FLCourseDetailView.swift in Sources */ = {isa = PBXBuildFile; fileRef = 5BC238382A5B05DC00D083AB /* FLCourseDetailView.swift */; };
		5BC8F0F42A7E4F9D003BF9E6 /* BrideCPlusManger+a.m in Sources */ = {isa = PBXBuildFile; fileRef = 5BC8F0F32A7E4F9D003BF9E6 /* BrideCPlusManger+a.m */; };
		5BC8F0F72A7E4FBD003BF9E6 /* BrideCPlusManger+B.m in Sources */ = {isa = PBXBuildFile; fileRef = 5BC8F0F62A7E4FBD003BF9E6 /* BrideCPlusManger+B.m */; };
		5BC8F1062A8082FE003BF9E6 /* StringModule.cpp in Sources */ = {isa = PBXBuildFile; fileRef = 5BC8F1042A8082FE003BF9E6 /* StringModule.cpp */; };
		5BDCED5C2A90DDCB0058171D /* DoublePointer.cpp in Sources */ = {isa = PBXBuildFile; fileRef = 5BDCED5A2A90DDCB0058171D /* DoublePointer.cpp */; };
		5BDCED722AA31E870058171D /* Youdao.json in Resources */ = {isa = PBXBuildFile; fileRef = 5BDCED712AA31E870058171D /* Youdao.json */; };
		5BDCED932AA770430058171D /* Media.xcassets in Resources */ = {isa = PBXBuildFile; fileRef = 5BDCED922AA770430058171D /* Media.xcassets */; };
		5BDD82AA2ABAE0D200171D8B /* Person.m in Sources */ = {isa = PBXBuildFile; fileRef = 5BDD82A92ABAE0D200171D8B /* Person.m */; };
		5BE296FF2A595028001EF7E2 /* FLSettingController.swift in Sources */ = {isa = PBXBuildFile; fileRef = 5BE296FB2A595028001EF7E2 /* FLSettingController.swift */; };
		5BE297002A595028001EF7E2 /* FLArithmeticViewController.swift in Sources */ = {isa = PBXBuildFile; fileRef = 5BE296FC2A595028001EF7E2 /* FLArithmeticViewController.swift */; };
		5BE297012A595028001EF7E2 /* FLMeViewController.swift in Sources */ = {isa = PBXBuildFile; fileRef = 5BE296FD2A595028001EF7E2 /* FLMeViewController.swift */; };
		5BE297022A595028001EF7E2 /* FLHomeViewController.swift in Sources */ = {isa = PBXBuildFile; fileRef = 5BE296FE2A595028001EF7E2 /* FLHomeViewController.swift */; };
		5BE297042A59526D001EF7E2 /* TarBarViewController.swift in Sources */ = {isa = PBXBuildFile; fileRef = 5BE297032A59526D001EF7E2 /* TarBarViewController.swift */; };
		5BE297082A59558E001EF7E2 /* FLData.swift in Sources */ = {isa = PBXBuildFile; fileRef = 5BE297072A59558E001EF7E2 /* FLData.swift */; };
		5BE297172A5A4702001EF7E2 /* Course.swift in Sources */ = {isa = PBXBuildFile; fileRef = 5BE297162A5A4702001EF7E2 /* Course.swift */; };
		5BE297192A5A4896001EF7E2 /* CourseList.swift in Sources */ = {isa = PBXBuildFile; fileRef = 5BE297182A5A4896001EF7E2 /* CourseList.swift */; };
		5BE2971B2A5A4CA0001EF7E2 /* CoursePart.swift in Sources */ = {isa = PBXBuildFile; fileRef = 5BE2971A2A5A4CA0001EF7E2 /* CoursePart.swift */; };
		5BE2971E2A5A9404001EF7E2 /* BaseWebView.swift in Sources */ = {isa = PBXBuildFile; fileRef = 5BE2971D2A5A9404001EF7E2 /* BaseWebView.swift */; };
		5BE297272A5A94C6001EF7E2 /* Repository.swift in Sources */ = {isa = PBXBuildFile; fileRef = 5BE297262A5A94C6001EF7E2 /* Repository.swift */; };
		842B2EF52A70A5C800ECDC3A /* MonotoneStack.cpp in Sources */ = {isa = PBXBuildFile; fileRef = 842B2EF32A70A5C800ECDC3A /* MonotoneStack.cpp */; };
		84C785F72A4BB4C7007DC50F /* DynamicProgram.cpp in Sources */ = {isa = PBXBuildFile; fileRef = 84C785F52A4BB4C7007DC50F /* DynamicProgram.cpp */; };
		84D6BD502A734A9D00E781D3 /* Graph.cpp in Sources */ = {isa = PBXBuildFile; fileRef = 84D6BD4E2A734A9D00E781D3 /* Graph.cpp */; };
/* End PBXBuildFile section */

/* Begin PBXFileReference section */
		5B1E2C002A2F864000096D0D /* BackTrack.cpp */ = {isa = PBXFileReference; lastKnownFileType = sourcecode.cpp.cpp; path = BackTrack.cpp; sourceTree = "<group>"; };
		5B1E2C012A2F864000096D0D /* BackTrack.hpp */ = {isa = PBXFileReference; lastKnownFileType = sourcecode.cpp.h; path = BackTrack.hpp; sourceTree = "<group>"; };
		5B1E2C032A3764DC00096D0D /* Greedy.cpp */ = {isa = PBXFileReference; lastKnownFileType = sourcecode.cpp.cpp; path = Greedy.cpp; sourceTree = "<group>"; };
		5B1E2C042A3764DC00096D0D /* Greedy.hpp */ = {isa = PBXFileReference; lastKnownFileType = sourcecode.cpp.h; path = Greedy.hpp; sourceTree = "<group>"; };
		5B1E2C062A37651500096D0D /* CPlusHeader.h */ = {isa = PBXFileReference; lastKnownFileType = sourcecode.c.h; path = CPlusHeader.h; sourceTree = "<group>"; };
		5B26D4B12A1A6C8D00EDCA2F /* swiftArithmetic.app */ = {isa = PBXFileReference; explicitFileType = wrapper.application; includeInIndex = 0; path = swiftArithmetic.app; sourceTree = BUILT_PRODUCTS_DIR; };
		5B26D4B42A1A6C8D00EDCA2F /* swiftArithmeticApp.swift */ = {isa = PBXFileReference; lastKnownFileType = sourcecode.swift; path = swiftArithmeticApp.swift; sourceTree = "<group>"; };
		5B26D4B62A1A6C8D00EDCA2F /* LeetCodeListView.swift */ = {isa = PBXFileReference; lastKnownFileType = sourcecode.swift; path = LeetCodeListView.swift; sourceTree = "<group>"; };
		5B26D4B82A1A6C8E00EDCA2F /* Assets.xcassets */ = {isa = PBXFileReference; lastKnownFileType = folder.assetcatalog; path = Assets.xcassets; sourceTree = "<group>"; };
		5B26D4BB2A1A6C8E00EDCA2F /* Preview Assets.xcassets */ = {isa = PBXFileReference; lastKnownFileType = folder.assetcatalog; path = "Preview Assets.xcassets"; sourceTree = "<group>"; };
		5B26D4C22A1A6CAA00EDCA2F /* swiftArithmetic-Bridging-Header.h */ = {isa = PBXFileReference; lastKnownFileType = sourcecode.c.h; path = "swiftArithmetic-Bridging-Header.h"; sourceTree = "<group>"; };
		5B26D4C32A1A6CAA00EDCA2F /* ListNode.cpp */ = {isa = PBXFileReference; lastKnownFileType = sourcecode.cpp.cpp; path = ListNode.cpp; sourceTree = "<group>"; };
		5B26D4C42A1A6CAA00EDCA2F /* ListNode.hpp */ = {isa = PBXFileReference; lastKnownFileType = sourcecode.cpp.h; path = ListNode.hpp; sourceTree = "<group>"; };
		5B26D4C62A1A6CC600EDCA2F /* DoublePointViewController.swift */ = {isa = PBXFileReference; fileEncoding = 4; lastKnownFileType = sourcecode.swift; path = DoublePointViewController.swift; sourceTree = "<group>"; };
		5B26D4C72A1A6CC600EDCA2F /* Student.swift */ = {isa = PBXFileReference; fileEncoding = 4; lastKnownFileType = sourcecode.swift; path = Student.swift; sourceTree = "<group>"; };
		5B26D4C82A1A6CC600EDCA2F /* DynamicPlanningViewController.swift */ = {isa = PBXFileReference; fileEncoding = 4; lastKnownFileType = sourcecode.swift; path = DynamicPlanningViewController.swift; sourceTree = "<group>"; };
		5B26D4C92A1A6CC600EDCA2F /* StringViewController.swift */ = {isa = PBXFileReference; fileEncoding = 4; lastKnownFileType = sourcecode.swift; path = StringViewController.swift; sourceTree = "<group>"; };
		5B26D4CA2A1A6CC600EDCA2F /* KnapsackViewController.swift */ = {isa = PBXFileReference; fileEncoding = 4; lastKnownFileType = sourcecode.swift; path = KnapsackViewController.swift; sourceTree = "<group>"; };
		5B26D4CB2A1A6CC600EDCA2F /* ArrayViewController.swift */ = {isa = PBXFileReference; fileEncoding = 4; lastKnownFileType = sourcecode.swift; path = ArrayViewController.swift; sourceTree = "<group>"; };
		5B26D4CC2A1A6CC600EDCA2F /* GreedViewController.swift */ = {isa = PBXFileReference; fileEncoding = 4; lastKnownFileType = sourcecode.swift; path = GreedViewController.swift; sourceTree = "<group>"; };
		5B26D4CD2A1A6CC600EDCA2F /* ListNoteViewController.swift */ = {isa = PBXFileReference; fileEncoding = 4; lastKnownFileType = sourcecode.swift; path = ListNoteViewController.swift; sourceTree = "<group>"; };
		5B26D4CE2A1A6CC600EDCA2F /* HashViewController.swift */ = {isa = PBXFileReference; fileEncoding = 4; lastKnownFileType = sourcecode.swift; path = HashViewController.swift; sourceTree = "<group>"; };
		5B26D4CF2A1A6CC600EDCA2F /* RetracingAlgorithmViewController.swift */ = {isa = PBXFileReference; fileEncoding = 4; lastKnownFileType = sourcecode.swift; path = RetracingAlgorithmViewController.swift; sourceTree = "<group>"; };
		5B26D4D02A1A6CC600EDCA2F /* InputView.swift */ = {isa = PBXFileReference; fileEncoding = 4; lastKnownFileType = sourcecode.swift; path = InputView.swift; sourceTree = "<group>"; };
		5B26D4D12A1A6CC600EDCA2F /* Person.swift */ = {isa = PBXFileReference; fileEncoding = 4; lastKnownFileType = sourcecode.swift; path = Person.swift; sourceTree = "<group>"; };
		5B26D4D22A1A6CC600EDCA2F /* longViewController.swift */ = {isa = PBXFileReference; fileEncoding = 4; lastKnownFileType = sourcecode.swift; path = longViewController.swift; sourceTree = "<group>"; };
		5B26D4D32A1A6CC600EDCA2F /* StackViewController.swift */ = {isa = PBXFileReference; fileEncoding = 4; lastKnownFileType = sourcecode.swift; path = StackViewController.swift; sourceTree = "<group>"; };
		5B26D4D42A1A6CC600EDCA2F /* DictViewController.swift */ = {isa = PBXFileReference; fileEncoding = 4; lastKnownFileType = sourcecode.swift; path = DictViewController.swift; sourceTree = "<group>"; };
		5B26D4D52A1A6CC600EDCA2F /* TreeNoteViewController.swift */ = {isa = PBXFileReference; fileEncoding = 4; lastKnownFileType = sourcecode.swift; path = TreeNoteViewController.swift; sourceTree = "<group>"; };
		5B26D4D62A1A6CC600EDCA2F /* BaseTableViewController.swift */ = {isa = PBXFileReference; fileEncoding = 4; lastKnownFileType = sourcecode.swift; path = BaseTableViewController.swift; sourceTree = "<group>"; };
		5B26D4E82A1A6D0200EDCA2F /* ViewController.swift */ = {isa = PBXFileReference; fileEncoding = 4; lastKnownFileType = sourcecode.swift; path = ViewController.swift; sourceTree = "<group>"; };
		5B26D4EA2A1A6D2600EDCA2F /* TreeNode.hpp */ = {isa = PBXFileReference; fileEncoding = 4; lastKnownFileType = sourcecode.cpp.h; path = TreeNode.hpp; sourceTree = "<group>"; };
		5B26D4EB2A1A6D2600EDCA2F /* TreeNode.cpp */ = {isa = PBXFileReference; fileEncoding = 4; lastKnownFileType = sourcecode.cpp.cpp; path = TreeNode.cpp; sourceTree = "<group>"; };
		5B26D4ED2A1A6D2F00EDCA2F /* MyQueue.hpp */ = {isa = PBXFileReference; fileEncoding = 4; lastKnownFileType = sourcecode.cpp.h; path = MyQueue.hpp; sourceTree = "<group>"; };
		5B26D4EE2A1A6D2F00EDCA2F /* MyQueue.cpp */ = {isa = PBXFileReference; fileEncoding = 4; lastKnownFileType = sourcecode.cpp.cpp; path = MyQueue.cpp; sourceTree = "<group>"; };
		5B76E3452A4FB67700141D86 /* BrideCPlusManger.h */ = {isa = PBXFileReference; lastKnownFileType = sourcecode.c.h; path = BrideCPlusManger.h; sourceTree = "<group>"; };
		5B76E3462A4FB67700141D86 /* BrideCPlusManger.mm */ = {isa = PBXFileReference; lastKnownFileType = sourcecode.cpp.objcpp; path = BrideCPlusManger.mm; sourceTree = "<group>"; };
		5BBCFFBF2A8719DC00763DF5 /* MyArray.cpp */ = {isa = PBXFileReference; lastKnownFileType = sourcecode.cpp.cpp; path = MyArray.cpp; sourceTree = "<group>"; };
		5BBCFFC02A8719DC00763DF5 /* MyArray.hpp */ = {isa = PBXFileReference; lastKnownFileType = sourcecode.cpp.h; path = MyArray.hpp; sourceTree = "<group>"; };
		5BC22D7D2ABEAFE900E42098 /* PriorityQueue.cpp */ = {isa = PBXFileReference; lastKnownFileType = sourcecode.cpp.cpp; path = PriorityQueue.cpp; sourceTree = "<group>"; };
		5BC22D7E2ABEAFE900E42098 /* PriorityQueue.hpp */ = {isa = PBXFileReference; lastKnownFileType = sourcecode.cpp.h; path = PriorityQueue.hpp; sourceTree = "<group>"; };
		5BC238362A5AA20B00D083AB /* CourseDetail.swift */ = {isa = PBXFileReference; lastKnownFileType = sourcecode.swift; path = CourseDetail.swift; sourceTree = "<group>"; };
		5BC238382A5B05DC00D083AB /* FLCourseDetailView.swift */ = {isa = PBXFileReference; lastKnownFileType = sourcecode.swift; path = FLCourseDetailView.swift; sourceTree = "<group>"; };
		5BC8F0F22A7E4F9D003BF9E6 /* BrideCPlusManger+a.h */ = {isa = PBXFileReference; lastKnownFileType = sourcecode.c.h; path = "BrideCPlusManger+a.h"; sourceTree = "<group>"; };
		5BC8F0F32A7E4F9D003BF9E6 /* BrideCPlusManger+a.m */ = {isa = PBXFileReference; lastKnownFileType = sourcecode.c.objc; path = "BrideCPlusManger+a.m"; sourceTree = "<group>"; };
		5BC8F0F52A7E4FBD003BF9E6 /* BrideCPlusManger+B.h */ = {isa = PBXFileReference; lastKnownFileType = sourcecode.c.h; path = "BrideCPlusManger+B.h"; sourceTree = "<group>"; };
		5BC8F0F62A7E4FBD003BF9E6 /* BrideCPlusManger+B.m */ = {isa = PBXFileReference; lastKnownFileType = sourcecode.c.objc; path = "BrideCPlusManger+B.m"; sourceTree = "<group>"; };
		5BC8F1042A8082FE003BF9E6 /* StringModule.cpp */ = {isa = PBXFileReference; lastKnownFileType = sourcecode.cpp.cpp; path = StringModule.cpp; sourceTree = "<group>"; };
		5BC8F1052A8082FE003BF9E6 /* StringModule.hpp */ = {isa = PBXFileReference; lastKnownFileType = sourcecode.cpp.h; path = StringModule.hpp; sourceTree = "<group>"; };
		5BDCED5A2A90DDCB0058171D /* DoublePointer.cpp */ = {isa = PBXFileReference; lastKnownFileType = sourcecode.cpp.cpp; path = DoublePointer.cpp; sourceTree = "<group>"; };
		5BDCED5B2A90DDCB0058171D /* DoublePointer.hpp */ = {isa = PBXFileReference; lastKnownFileType = sourcecode.cpp.h; path = DoublePointer.hpp; sourceTree = "<group>"; };
		5BDCED712AA31E870058171D /* Youdao.json */ = {isa = PBXFileReference; fileEncoding = 4; lastKnownFileType = text.json; path = Youdao.json; sourceTree = "<group>"; };
		5BDCED922AA770430058171D /* Media.xcassets */ = {isa = PBXFileReference; lastKnownFileType = folder.assetcatalog; path = Media.xcassets; sourceTree = "<group>"; };
		5BDD82A82ABAE0D200171D8B /* Person.h */ = {isa = PBXFileReference; lastKnownFileType = sourcecode.c.h; path = Person.h; sourceTree = "<group>"; };
		5BDD82A92ABAE0D200171D8B /* Person.m */ = {isa = PBXFileReference; lastKnownFileType = sourcecode.c.objc; path = Person.m; sourceTree = "<group>"; };
		5BE296FB2A595028001EF7E2 /* FLSettingController.swift */ = {isa = PBXFileReference; fileEncoding = 4; lastKnownFileType = sourcecode.swift; path = FLSettingController.swift; sourceTree = "<group>"; };
		5BE296FC2A595028001EF7E2 /* FLArithmeticViewController.swift */ = {isa = PBXFileReference; fileEncoding = 4; lastKnownFileType = sourcecode.swift; path = FLArithmeticViewController.swift; sourceTree = "<group>"; };
		5BE296FD2A595028001EF7E2 /* FLMeViewController.swift */ = {isa = PBXFileReference; fileEncoding = 4; lastKnownFileType = sourcecode.swift; path = FLMeViewController.swift; sourceTree = "<group>"; };
		5BE296FE2A595028001EF7E2 /* FLHomeViewController.swift */ = {isa = PBXFileReference; fileEncoding = 4; lastKnownFileType = sourcecode.swift; path = FLHomeViewController.swift; sourceTree = "<group>"; };
		5BE297032A59526D001EF7E2 /* TarBarViewController.swift */ = {isa = PBXFileReference; lastKnownFileType = sourcecode.swift; path = TarBarViewController.swift; sourceTree = "<group>"; };
		5BE297072A59558E001EF7E2 /* FLData.swift */ = {isa = PBXFileReference; fileEncoding = 4; lastKnownFileType = sourcecode.swift; path = FLData.swift; sourceTree = "<group>"; };
		5BE297162A5A4702001EF7E2 /* Course.swift */ = {isa = PBXFileReference; lastKnownFileType = sourcecode.swift; path = Course.swift; sourceTree = "<group>"; };
		5BE297182A5A4896001EF7E2 /* CourseList.swift */ = {isa = PBXFileReference; lastKnownFileType = sourcecode.swift; path = CourseList.swift; sourceTree = "<group>"; };
		5BE2971A2A5A4CA0001EF7E2 /* CoursePart.swift */ = {isa = PBXFileReference; lastKnownFileType = sourcecode.swift; path = CoursePart.swift; sourceTree = "<group>"; };
		5BE2971D2A5A9404001EF7E2 /* BaseWebView.swift */ = {isa = PBXFileReference; lastKnownFileType = sourcecode.swift; path = BaseWebView.swift; sourceTree = "<group>"; };
		5BE297262A5A94C6001EF7E2 /* Repository.swift */ = {isa = PBXFileReference; fileEncoding = 4; lastKnownFileType = sourcecode.swift; path = Repository.swift; sourceTree = "<group>"; };
		842B2EF32A70A5C800ECDC3A /* MonotoneStack.cpp */ = {isa = PBXFileReference; lastKnownFileType = sourcecode.cpp.cpp; path = MonotoneStack.cpp; sourceTree = "<group>"; };
		842B2EF42A70A5C800ECDC3A /* MonotoneStack.hpp */ = {isa = PBXFileReference; lastKnownFileType = sourcecode.cpp.h; path = MonotoneStack.hpp; sourceTree = "<group>"; };
		84C785F52A4BB4C7007DC50F /* DynamicProgram.cpp */ = {isa = PBXFileReference; lastKnownFileType = sourcecode.cpp.cpp; path = DynamicProgram.cpp; sourceTree = "<group>"; };
		84C785F62A4BB4C7007DC50F /* DynamicProgram.hpp */ = {isa = PBXFileReference; lastKnownFileType = sourcecode.cpp.h; path = DynamicProgram.hpp; sourceTree = "<group>"; };
		84D6BD4E2A734A9D00E781D3 /* Graph.cpp */ = {isa = PBXFileReference; lastKnownFileType = sourcecode.cpp.cpp; path = Graph.cpp; sourceTree = "<group>"; };
		84D6BD4F2A734A9D00E781D3 /* Graph.hpp */ = {isa = PBXFileReference; lastKnownFileType = sourcecode.cpp.h; path = Graph.hpp; sourceTree = "<group>"; };
/* End PBXFileReference section */

/* Begin PBXFrameworksBuildPhase section */
		5B26D4AE2A1A6C8D00EDCA2F /* Frameworks */ = {
			isa = PBXFrameworksBuildPhase;
			buildActionMask = 2147483647;
			files = (
			);
			runOnlyForDeploymentPostprocessing = 0;
		};
/* End PBXFrameworksBuildPhase section */

/* Begin PBXGroup section */
		5B26D4A82A1A6C8D00EDCA2F = {
			isa = PBXGroup;
			children = (
				5B26D4B32A1A6C8D00EDCA2F /* swiftArithmetic */,
				5B26D4B22A1A6C8D00EDCA2F /* Products */,
			);
			sourceTree = "<group>";
		};
		5B26D4B22A1A6C8D00EDCA2F /* Products */ = {
			isa = PBXGroup;
			children = (
				5B26D4B12A1A6C8D00EDCA2F /* swiftArithmetic.app */,
			);
			name = Products;
			sourceTree = "<group>";
		};
		5B26D4B32A1A6C8D00EDCA2F /* swiftArithmetic */ = {
			isa = PBXGroup;
			children = (
				5BE297052A595562001EF7E2 /* Class */,
				5B26D4B82A1A6C8E00EDCA2F /* Assets.xcassets */,
				5BDCED922AA770430058171D /* Media.xcassets */,
				5B76E3452A4FB67700141D86 /* BrideCPlusManger.h */,
				5B76E3462A4FB67700141D86 /* BrideCPlusManger.mm */,
				5BC8F0F22A7E4F9D003BF9E6 /* BrideCPlusManger+a.h */,
				5BC8F0F32A7E4F9D003BF9E6 /* BrideCPlusManger+a.m */,
				5BC8F0F52A7E4FBD003BF9E6 /* BrideCPlusManger+B.h */,
				5BDD82A82ABAE0D200171D8B /* Person.h */,
				5BDD82A92ABAE0D200171D8B /* Person.m */,
				5B26D4B42A1A6C8D00EDCA2F /* swiftArithmeticApp.swift */,
				5BC8F0F62A7E4FBD003BF9E6 /* BrideCPlusManger+B.m */,
				5BE297032A59526D001EF7E2 /* TarBarViewController.swift */,
				5B26D4B62A1A6C8D00EDCA2F /* LeetCodeListView.swift */,
				5BDCED712AA31E870058171D /* Youdao.json */,
				5B26D4BA2A1A6C8E00EDCA2F /* Preview Content */,
				5B26D4C22A1A6CAA00EDCA2F /* swiftArithmetic-Bridging-Header.h */,
			);
			path = swiftArithmetic;
			sourceTree = "<group>";
		};
		5B26D4BA2A1A6C8E00EDCA2F /* Preview Content */ = {
			isa = PBXGroup;
			children = (
				5B26D4BB2A1A6C8E00EDCA2F /* Preview Assets.xcassets */,
			);
			path = "Preview Content";
			sourceTree = "<group>";
		};
		5BE296F72A594F61001EF7E2 /* leecodeSwift */ = {
			isa = PBXGroup;
			children = (
				84C83B352A5B901400578CF6 /* Mode */,
				5B26D4D62A1A6CC600EDCA2F /* BaseTableViewController.swift */,
				5B26D4D42A1A6CC600EDCA2F /* DictViewController.swift */,
				5B26D4C62A1A6CC600EDCA2F /* DoublePointViewController.swift */,
				5B26D4C82A1A6CC600EDCA2F /* DynamicPlanningViewController.swift */,
				5B26D4CC2A1A6CC600EDCA2F /* GreedViewController.swift */,
				5B26D4CE2A1A6CC600EDCA2F /* HashViewController.swift */,
				5B26D4D02A1A6CC600EDCA2F /* InputView.swift */,
				5B26D4CA2A1A6CC600EDCA2F /* KnapsackViewController.swift */,
				5B26D4CD2A1A6CC600EDCA2F /* ListNoteViewController.swift */,
				5B26D4D22A1A6CC600EDCA2F /* longViewController.swift */,
				5B26D4CF2A1A6CC600EDCA2F /* RetracingAlgorithmViewController.swift */,
				5B26D4D32A1A6CC600EDCA2F /* StackViewController.swift */,
				5B26D4C92A1A6CC600EDCA2F /* StringViewController.swift */,
				5B26D4D52A1A6CC600EDCA2F /* TreeNoteViewController.swift */,
				5B26D4E82A1A6D0200EDCA2F /* ViewController.swift */,
				5B26D4CB2A1A6CC600EDCA2F /* ArrayViewController.swift */,
			);
			path = leecodeSwift;
			sourceTree = "<group>";
		};
		5BE296F82A594F9F001EF7E2 /* leecodeC++ */ = {
			isa = PBXGroup;
			children = (
				5B1E2C002A2F864000096D0D /* BackTrack.cpp */,
				5B1E2C012A2F864000096D0D /* BackTrack.hpp */,
				842B2EF32A70A5C800ECDC3A /* MonotoneStack.cpp */,
				842B2EF42A70A5C800ECDC3A /* MonotoneStack.hpp */,
				84D6BD4E2A734A9D00E781D3 /* Graph.cpp */,
				84D6BD4F2A734A9D00E781D3 /* Graph.hpp */,
				5B1E2C062A37651500096D0D /* CPlusHeader.h */,
				84C785F52A4BB4C7007DC50F /* DynamicProgram.cpp */,
				84C785F62A4BB4C7007DC50F /* DynamicProgram.hpp */,
				5B1E2C032A3764DC00096D0D /* Greedy.cpp */,
				5B1E2C042A3764DC00096D0D /* Greedy.hpp */,
				5B26D4C32A1A6CAA00EDCA2F /* ListNode.cpp */,
				5B26D4C42A1A6CAA00EDCA2F /* ListNode.hpp */,
				5BC22D7D2ABEAFE900E42098 /* PriorityQueue.cpp */,
				5BC22D7E2ABEAFE900E42098 /* PriorityQueue.hpp */,
				5B26D4EE2A1A6D2F00EDCA2F /* MyQueue.cpp */,
				5B26D4ED2A1A6D2F00EDCA2F /* MyQueue.hpp */,
				5B26D4EB2A1A6D2600EDCA2F /* TreeNode.cpp */,
				5B26D4EA2A1A6D2600EDCA2F /* TreeNode.hpp */,
				5BC8F1042A8082FE003BF9E6 /* StringModule.cpp */,
				5BC8F1052A8082FE003BF9E6 /* StringModule.hpp */,
				5BDCED5A2A90DDCB0058171D /* DoublePointer.cpp */,
				5BDCED5B2A90DDCB0058171D /* DoublePointer.hpp */,
				5BBCFFBF2A8719DC00763DF5 /* MyArray.cpp */,
				5BBCFFC02A8719DC00763DF5 /* MyArray.hpp */,
			);
			path = "leecodeC++";
			sourceTree = "<group>";
		};
		5BE296FA2A59501A001EF7E2 /* Controller */ = {
			isa = PBXGroup;
			children = (
				5BE296FC2A595028001EF7E2 /* FLArithmeticViewController.swift */,
				5BE296FE2A595028001EF7E2 /* FLHomeViewController.swift */,
				5BC238382A5B05DC00D083AB /* FLCourseDetailView.swift */,
				5BE296FD2A595028001EF7E2 /* FLMeViewController.swift */,
				5BE296FB2A595028001EF7E2 /* FLSettingController.swift */,
			);
			path = Controller;
			sourceTree = "<group>";
		};
		5BE297052A595562001EF7E2 /* Class */ = {
			isa = PBXGroup;
			children = (
				5BE2971F2A5A947D001EF7E2 /* View */,
				5BE297102A5A46B2001EF7E2 /* Model */,
				5BE297062A595578001EF7E2 /* Tool */,
				5BE296FA2A59501A001EF7E2 /* Controller */,
				5BE296F82A594F9F001EF7E2 /* leecodeC++ */,
				5BE296F72A594F61001EF7E2 /* leecodeSwift */,
			);
			path = Class;
			sourceTree = "<group>";
		};
		5BE297062A595578001EF7E2 /* Tool */ = {
			isa = PBXGroup;
			children = (
				5BE297072A59558E001EF7E2 /* FLData.swift */,
			);
			path = Tool;
			sourceTree = "<group>";
		};
		5BE297102A5A46B2001EF7E2 /* Model */ = {
			isa = PBXGroup;
			children = (
				5BE297162A5A4702001EF7E2 /* Course.swift */,
				5BC238362A5AA20B00D083AB /* CourseDetail.swift */,
				5BE297262A5A94C6001EF7E2 /* Repository.swift */,
				5BE297182A5A4896001EF7E2 /* CourseList.swift */,
				5BE2971A2A5A4CA0001EF7E2 /* CoursePart.swift */,
			);
			path = Model;
			sourceTree = "<group>";
		};
		5BE2971F2A5A947D001EF7E2 /* View */ = {
			isa = PBXGroup;
			children = (
				5BE2971D2A5A9404001EF7E2 /* BaseWebView.swift */,
			);
			path = View;
			sourceTree = "<group>";
		};
		84C83B352A5B901400578CF6 /* Mode */ = {
			isa = PBXGroup;
			children = (
				5B26D4D12A1A6CC600EDCA2F /* Person.swift */,
				5B26D4C72A1A6CC600EDCA2F /* Student.swift */,
			);
			path = Mode;
			sourceTree = "<group>";
		};
/* End PBXGroup section */

/* Begin PBXNativeTarget section */
		5B26D4B02A1A6C8D00EDCA2F /* swiftArithmetic */ = {
			isa = PBXNativeTarget;
			buildConfigurationList = 5B26D4BF2A1A6C8E00EDCA2F /* Build configuration list for PBXNativeTarget "swiftArithmetic" */;
			buildPhases = (
				5B26D4AD2A1A6C8D00EDCA2F /* Sources */,
				5B26D4AE2A1A6C8D00EDCA2F /* Frameworks */,
				5B26D4AF2A1A6C8D00EDCA2F /* Resources */,
			);
			buildRules = (
			);
			dependencies = (
			);
			name = swiftArithmetic;
			productName = swiftArithmetic;
			productReference = 5B26D4B12A1A6C8D00EDCA2F /* swiftArithmetic.app */;
			productType = "com.apple.product-type.application";
		};
/* End PBXNativeTarget section */

/* Begin PBXProject section */
		5B26D4A92A1A6C8D00EDCA2F /* Project object */ = {
			isa = PBXProject;
			attributes = {
				BuildIndependentTargetsInParallel = 1;
				KnownAssetTags = (
					New,
					"New-1",
					"New-2",
					"New-3",
					level1,
				);
				LastSwiftUpdateCheck = 1430;
				LastUpgradeCheck = 1430;
				TargetAttributes = {
					5B26D4B02A1A6C8D00EDCA2F = {
						CreatedOnToolsVersion = 14.3;
						LastSwiftMigration = 1430;
					};
				};
			};
			buildConfigurationList = 5B26D4AC2A1A6C8D00EDCA2F /* Build configuration list for PBXProject "swiftArithmetic" */;
			compatibilityVersion = "Xcode 14.0";
			developmentRegion = en;
			hasScannedForEncodings = 0;
			knownRegions = (
				en,
				Base,
			);
			mainGroup = 5B26D4A82A1A6C8D00EDCA2F;
			productRefGroup = 5B26D4B22A1A6C8D00EDCA2F /* Products */;
			projectDirPath = "";
			projectRoot = "";
			targets = (
				5B26D4B02A1A6C8D00EDCA2F /* swiftArithmetic */,
			);
		};
/* End PBXProject section */

/* Begin PBXResourcesBuildPhase section */
		5B26D4AF2A1A6C8D00EDCA2F /* Resources */ = {
			isa = PBXResourcesBuildPhase;
			buildActionMask = 2147483647;
			files = (
				5BDCED722AA31E870058171D /* Youdao.json in Resources */,
				5B26D4BC2A1A6C8E00EDCA2F /* Preview Assets.xcassets in Resources */,
				5BDCED932AA770430058171D /* Media.xcassets in Resources */,
				5B26D4B92A1A6C8E00EDCA2F /* Assets.xcassets in Resources */,
			);
			runOnlyForDeploymentPostprocessing = 0;
		};
/* End PBXResourcesBuildPhase section */

/* Begin PBXSourcesBuildPhase section */
		5B26D4AD2A1A6C8D00EDCA2F /* Sources */ = {
			isa = PBXSourcesBuildPhase;
			buildActionMask = 2147483647;
			files = (
				5BC22D7F2ABEAFE900E42098 /* PriorityQueue.cpp in Sources */,
				5BC8F0F42A7E4F9D003BF9E6 /* BrideCPlusManger+a.m in Sources */,
				5BC8F0F72A7E4FBD003BF9E6 /* BrideCPlusManger+B.m in Sources */,
				5BDCED5C2A90DDCB0058171D /* DoublePointer.cpp in Sources */,
				5B76E3472A4FB67700141D86 /* BrideCPlusManger.mm in Sources */,
				5B26D4E22A1A6CC600EDCA2F /* Person.swift in Sources */,
				5B26D4C52A1A6CAA00EDCA2F /* ListNode.cpp in Sources */,
				5BE297022A595028001EF7E2 /* FLHomeViewController.swift in Sources */,
				5B26D4E72A1A6CC600EDCA2F /* BaseTableViewController.swift in Sources */,
				5BE297272A5A94C6001EF7E2 /* Repository.swift in Sources */,
				5BE297002A595028001EF7E2 /* FLArithmeticViewController.swift in Sources */,
				5B26D4E42A1A6CC600EDCA2F /* StackViewController.swift in Sources */,
				5BE297192A5A4896001EF7E2 /* CourseList.swift in Sources */,
				5BE2971E2A5A9404001EF7E2 /* BaseWebView.swift in Sources */,
				5BE2971B2A5A4CA0001EF7E2 /* CoursePart.swift in Sources */,
				5BC8F1062A8082FE003BF9E6 /* StringModule.cpp in Sources */,
				5B1E2C022A2F864000096D0D /* BackTrack.cpp in Sources */,
				5BE297012A595028001EF7E2 /* FLMeViewController.swift in Sources */,
				84C785F72A4BB4C7007DC50F /* DynamicProgram.cpp in Sources */,
				5B26D4E62A1A6CC600EDCA2F /* TreeNoteViewController.swift in Sources */,
				5B26D4E32A1A6CC600EDCA2F /* longViewController.swift in Sources */,
				5BE297082A59558E001EF7E2 /* FLData.swift in Sources */,
				84D6BD502A734A9D00E781D3 /* Graph.cpp in Sources */,
				5B26D4E12A1A6CC600EDCA2F /* InputView.swift in Sources */,
				5B26D4D92A1A6CC600EDCA2F /* DynamicPlanningViewController.swift in Sources */,
				5B26D4DF2A1A6CC600EDCA2F /* HashViewController.swift in Sources */,
				5B26D4EC2A1A6D2600EDCA2F /* TreeNode.cpp in Sources */,
				5BE296FF2A595028001EF7E2 /* FLSettingController.swift in Sources */,
				5BE297042A59526D001EF7E2 /* TarBarViewController.swift in Sources */,
				5B26D4DC2A1A6CC600EDCA2F /* ArrayViewController.swift in Sources */,
				5B26D4DB2A1A6CC600EDCA2F /* KnapsackViewController.swift in Sources */,
				842B2EF52A70A5C800ECDC3A /* MonotoneStack.cpp in Sources */,
				5B26D4DD2A1A6CC600EDCA2F /* GreedViewController.swift in Sources */,
				5B26D4B72A1A6C8D00EDCA2F /* LeetCodeListView.swift in Sources */,
				5BE297172A5A4702001EF7E2 /* Course.swift in Sources */,
				5B26D4E02A1A6CC600EDCA2F /* RetracingAlgorithmViewController.swift in Sources */,
				5B26D4EF2A1A6D2F00EDCA2F /* MyQueue.cpp in Sources */,
				5BBCFFC12A8719DC00763DF5 /* MyArray.cpp in Sources */,
				5B26D4DA2A1A6CC600EDCA2F /* StringViewController.swift in Sources */,
				5B1E2C052A3764DC00096D0D /* Greedy.cpp in Sources */,
				5B26D4DE2A1A6CC600EDCA2F /* ListNoteViewController.swift in Sources */,
				5B26D4D72A1A6CC600EDCA2F /* DoublePointViewController.swift in Sources */,
				5B26D4D82A1A6CC600EDCA2F /* Student.swift in Sources */,
				5BDD82AA2ABAE0D200171D8B /* Person.m in Sources */,
				5B26D4E92A1A6D0200EDCA2F /* ViewController.swift in Sources */,
				5BC238392A5B05DC00D083AB /* FLCourseDetailView.swift in Sources */,
				5BC238372A5AA20B00D083AB /* CourseDetail.swift in Sources */,
				5B26D4E52A1A6CC600EDCA2F /* DictViewController.swift in Sources */,
				5B26D4B52A1A6C8D00EDCA2F /* swiftArithmeticApp.swift in Sources */,
			);
			runOnlyForDeploymentPostprocessing = 0;
		};
/* End PBXSourcesBuildPhase section */

/* Begin XCBuildConfiguration section */
		5B26D4BD2A1A6C8E00EDCA2F /* Debug */ = {
			isa = XCBuildConfiguration;
			buildSettings = {
				ALWAYS_SEARCH_USER_PATHS = NO;
				CLANG_ANALYZER_NONNULL = YES;
				CLANG_ANALYZER_NUMBER_OBJECT_CONVERSION = YES_AGGRESSIVE;
				CLANG_CXX_LANGUAGE_STANDARD = "gnu++20";
				CLANG_ENABLE_MODULES = YES;
				CLANG_ENABLE_OBJC_ARC = YES;
				CLANG_ENABLE_OBJC_WEAK = YES;
				CLANG_WARN_BLOCK_CAPTURE_AUTORELEASING = YES;
				CLANG_WARN_BOOL_CONVERSION = YES;
				CLANG_WARN_COMMA = YES;
				CLANG_WARN_CONSTANT_CONVERSION = YES;
				CLANG_WARN_DEPRECATED_OBJC_IMPLEMENTATIONS = YES;
				CLANG_WARN_DIRECT_OBJC_ISA_USAGE = YES_ERROR;
				CLANG_WARN_DOCUMENTATION_COMMENTS = YES;
				CLANG_WARN_EMPTY_BODY = YES;
				CLANG_WARN_ENUM_CONVERSION = YES;
				CLANG_WARN_INFINITE_RECURSION = YES;
				CLANG_WARN_INT_CONVERSION = YES;
				CLANG_WARN_NON_LITERAL_NULL_CONVERSION = YES;
				CLANG_WARN_OBJC_IMPLICIT_RETAIN_SELF = YES;
				CLANG_WARN_OBJC_LITERAL_CONVERSION = YES;
				CLANG_WARN_OBJC_ROOT_CLASS = YES_ERROR;
				CLANG_WARN_QUOTED_INCLUDE_IN_FRAMEWORK_HEADER = YES;
				CLANG_WARN_RANGE_LOOP_ANALYSIS = YES;
				CLANG_WARN_STRICT_PROTOTYPES = YES;
				CLANG_WARN_SUSPICIOUS_MOVE = YES;
				CLANG_WARN_UNGUARDED_AVAILABILITY = YES_AGGRESSIVE;
				CLANG_WARN_UNREACHABLE_CODE = YES;
				CLANG_WARN__DUPLICATE_METHOD_MATCH = YES;
				COPY_PHASE_STRIP = NO;
				DEBUG_INFORMATION_FORMAT = dwarf;
				ENABLE_STRICT_OBJC_MSGSEND = YES;
				ENABLE_TESTABILITY = YES;
				GCC_C_LANGUAGE_STANDARD = gnu11;
				GCC_DYNAMIC_NO_PIC = NO;
				GCC_NO_COMMON_BLOCKS = YES;
				GCC_OPTIMIZATION_LEVEL = 0;
				GCC_PREPROCESSOR_DEFINITIONS = (
					"DEBUG=1",
					"$(inherited)",
				);
				GCC_WARN_64_TO_32_BIT_CONVERSION = YES;
				GCC_WARN_ABOUT_RETURN_TYPE = YES_ERROR;
				GCC_WARN_UNDECLARED_SELECTOR = YES;
				GCC_WARN_UNINITIALIZED_AUTOS = YES_AGGRESSIVE;
				GCC_WARN_UNUSED_FUNCTION = YES;
				GCC_WARN_UNUSED_VARIABLE = YES;
				IPHONEOS_DEPLOYMENT_TARGET = 16.4;
				MTL_ENABLE_DEBUG_INFO = INCLUDE_SOURCE;
				MTL_FAST_MATH = YES;
				ONLY_ACTIVE_ARCH = YES;
				SDKROOT = iphoneos;
				SWIFT_ACTIVE_COMPILATION_CONDITIONS = DEBUG;
				SWIFT_OPTIMIZATION_LEVEL = "-Onone";
			};
			name = Debug;
		};
		5B26D4BE2A1A6C8E00EDCA2F /* Release */ = {
			isa = XCBuildConfiguration;
			buildSettings = {
				ALWAYS_SEARCH_USER_PATHS = NO;
				CLANG_ANALYZER_NONNULL = YES;
				CLANG_ANALYZER_NUMBER_OBJECT_CONVERSION = YES_AGGRESSIVE;
				CLANG_CXX_LANGUAGE_STANDARD = "gnu++20";
				CLANG_ENABLE_MODULES = YES;
				CLANG_ENABLE_OBJC_ARC = YES;
				CLANG_ENABLE_OBJC_WEAK = YES;
				CLANG_WARN_BLOCK_CAPTURE_AUTORELEASING = YES;
				CLANG_WARN_BOOL_CONVERSION = YES;
				CLANG_WARN_COMMA = YES;
				CLANG_WARN_CONSTANT_CONVERSION = YES;
				CLANG_WARN_DEPRECATED_OBJC_IMPLEMENTATIONS = YES;
				CLANG_WARN_DIRECT_OBJC_ISA_USAGE = YES_ERROR;
				CLANG_WARN_DOCUMENTATION_COMMENTS = YES;
				CLANG_WARN_EMPTY_BODY = YES;
				CLANG_WARN_ENUM_CONVERSION = YES;
				CLANG_WARN_INFINITE_RECURSION = YES;
				CLANG_WARN_INT_CONVERSION = YES;
				CLANG_WARN_NON_LITERAL_NULL_CONVERSION = YES;
				CLANG_WARN_OBJC_IMPLICIT_RETAIN_SELF = YES;
				CLANG_WARN_OBJC_LITERAL_CONVERSION = YES;
				CLANG_WARN_OBJC_ROOT_CLASS = YES_ERROR;
				CLANG_WARN_QUOTED_INCLUDE_IN_FRAMEWORK_HEADER = YES;
				CLANG_WARN_RANGE_LOOP_ANALYSIS = YES;
				CLANG_WARN_STRICT_PROTOTYPES = YES;
				CLANG_WARN_SUSPICIOUS_MOVE = YES;
				CLANG_WARN_UNGUARDED_AVAILABILITY = YES_AGGRESSIVE;
				CLANG_WARN_UNREACHABLE_CODE = YES;
				CLANG_WARN__DUPLICATE_METHOD_MATCH = YES;
				COPY_PHASE_STRIP = NO;
				DEBUG_INFORMATION_FORMAT = "dwarf-with-dsym";
				ENABLE_NS_ASSERTIONS = NO;
				ENABLE_STRICT_OBJC_MSGSEND = YES;
				GCC_C_LANGUAGE_STANDARD = gnu11;
				GCC_NO_COMMON_BLOCKS = YES;
				GCC_WARN_64_TO_32_BIT_CONVERSION = YES;
				GCC_WARN_ABOUT_RETURN_TYPE = YES_ERROR;
				GCC_WARN_UNDECLARED_SELECTOR = YES;
				GCC_WARN_UNINITIALIZED_AUTOS = YES_AGGRESSIVE;
				GCC_WARN_UNUSED_FUNCTION = YES;
				GCC_WARN_UNUSED_VARIABLE = YES;
				IPHONEOS_DEPLOYMENT_TARGET = 16.4;
				MTL_ENABLE_DEBUG_INFO = NO;
				MTL_FAST_MATH = YES;
				SDKROOT = iphoneos;
				SWIFT_COMPILATION_MODE = wholemodule;
				SWIFT_OPTIMIZATION_LEVEL = "-O";
				VALIDATE_PRODUCT = YES;
			};
			name = Release;
		};
		5B26D4C02A1A6C8E00EDCA2F /* Debug */ = {
			isa = XCBuildConfiguration;
			buildSettings = {
				ASSETCATALOG_COMPILER_APPICON_NAME = AppIcon;
				ASSETCATALOG_COMPILER_GLOBAL_ACCENT_COLOR_NAME = AccentColor;
				"ASSETCATALOG_COMPILER_OPTIMIZATION[sdk=*]" = "";
				CLANG_ENABLE_MODULES = YES;
				CODE_SIGN_STYLE = Automatic;
				CURRENT_PROJECT_VERSION = 1;
				DEVELOPMENT_ASSET_PATHS = "\"swiftArithmetic/Preview Content\"";
				DEVELOPMENT_TEAM = 95U7UBQYXE;
				ENABLE_PREVIEWS = YES;
				GENERATE_INFOPLIST_FILE = YES;
				INFOPLIST_KEY_UIApplicationSceneManifest_Generation = YES;
				INFOPLIST_KEY_UIApplicationSupportsIndirectInputEvents = YES;
				INFOPLIST_KEY_UILaunchScreen_Generation = YES;
				INFOPLIST_KEY_UISupportedInterfaceOrientations_iPad = "UIInterfaceOrientationPortrait UIInterfaceOrientationPortraitUpsideDown UIInterfaceOrientationLandscapeLeft UIInterfaceOrientationLandscapeRight";
				INFOPLIST_KEY_UISupportedInterfaceOrientations_iPhone = "UIInterfaceOrientationPortrait UIInterfaceOrientationLandscapeLeft UIInterfaceOrientationLandscapeRight";
				IPHONEOS_DEPLOYMENT_TARGET = 16.0;
				LD_GENERATE_MAP_FILE = YES;
				LD_RUNPATH_SEARCH_PATHS = (
					"$(inherited)",
					"@executable_path/Frameworks",
				);
				MARKETING_VERSION = 1.0;
				PRODUCT_BUNDLE_IDENTIFIER = com.ALan.Zhangshuai.test.swiftArithmetic;
				PRODUCT_NAME = "$(TARGET_NAME)";
				SUPPORTED_PLATFORMS = "iphoneos iphonesimulator macosx";
				SUPPORTS_MACCATALYST = NO;
				SUPPORTS_MAC_DESIGNED_FOR_IPHONE_IPAD = YES;
				SWIFT_EMIT_LOC_STRINGS = YES;
				SWIFT_OBJC_BRIDGING_HEADER = "swiftArithmetic/swiftArithmetic-Bridging-Header.h";
				SWIFT_OPTIMIZATION_LEVEL = "-Onone";
				SWIFT_VERSION = 5.0;
				TARGETED_DEVICE_FAMILY = "1,2";
			};
			name = Debug;
		};
		5B26D4C12A1A6C8E00EDCA2F /* Release */ = {
			isa = XCBuildConfiguration;
			buildSettings = {
				ASSETCATALOG_COMPILER_APPICON_NAME = AppIcon;
				ASSETCATALOG_COMPILER_GLOBAL_ACCENT_COLOR_NAME = AccentColor;
				CLANG_ENABLE_MODULES = YES;
				CODE_SIGN_STYLE = Automatic;
				CURRENT_PROJECT_VERSION = 1;
				DEVELOPMENT_ASSET_PATHS = "\"swiftArithmetic/Preview Content\"";
				DEVELOPMENT_TEAM = 95U7UBQYXE;
				ENABLE_PREVIEWS = YES;
				GENERATE_INFOPLIST_FILE = YES;
				INFOPLIST_KEY_UIApplicationSceneManifest_Generation = YES;
				INFOPLIST_KEY_UIApplicationSupportsIndirectInputEvents = YES;
				INFOPLIST_KEY_UILaunchScreen_Generation = YES;
				INFOPLIST_KEY_UISupportedInterfaceOrientations_iPad = "UIInterfaceOrientationPortrait UIInterfaceOrientationPortraitUpsideDown UIInterfaceOrientationLandscapeLeft UIInterfaceOrientationLandscapeRight";
				INFOPLIST_KEY_UISupportedInterfaceOrientations_iPhone = "UIInterfaceOrientationPortrait UIInterfaceOrientationLandscapeLeft UIInterfaceOrientationLandscapeRight";
				IPHONEOS_DEPLOYMENT_TARGET = 16.0;
				LD_GENERATE_MAP_FILE = YES;
				LD_RUNPATH_SEARCH_PATHS = (
					"$(inherited)",
					"@executable_path/Frameworks",
				);
				MARKETING_VERSION = 1.0;
				PRODUCT_BUNDLE_IDENTIFIER = com.ALan.Zhangshuai.test.swiftArithmetic;
				PRODUCT_NAME = "$(TARGET_NAME)";
				SUPPORTED_PLATFORMS = "iphoneos iphonesimulator macosx";
				SUPPORTS_MACCATALYST = NO;
				SUPPORTS_MAC_DESIGNED_FOR_IPHONE_IPAD = YES;
				SWIFT_EMIT_LOC_STRINGS = YES;
				SWIFT_OBJC_BRIDGING_HEADER = "swiftArithmetic/swiftArithmetic-Bridging-Header.h";
				SWIFT_VERSION = 5.0;
				TARGETED_DEVICE_FAMILY = "1,2";
			};
			name = Release;
		};
/* End XCBuildConfiguration section */

/* Begin XCConfigurationList section */
		5B26D4AC2A1A6C8D00EDCA2F /* Build configuration list for PBXProject "swiftArithmetic" */ = {
			isa = XCConfigurationList;
			buildConfigurations = (
				5B26D4BD2A1A6C8E00EDCA2F /* Debug */,
				5B26D4BE2A1A6C8E00EDCA2F /* Release */,
			);
			defaultConfigurationIsVisible = 0;
			defaultConfigurationName = Release;
		};
		5B26D4BF2A1A6C8E00EDCA2F /* Build configuration list for PBXNativeTarget "swiftArithmetic" */ = {
			isa = XCConfigurationList;
			buildConfigurations = (
				5B26D4C02A1A6C8E00EDCA2F /* Debug */,
				5B26D4C12A1A6C8E00EDCA2F /* Release */,
			);
			defaultConfigurationIsVisible = 0;
			defaultConfigurationName = Release;
		};
/* End XCConfigurationList section */
	};
	rootObject = 5B26D4A92A1A6C8D00EDCA2F /* Project object */;
}
